<?xml version="1.0" encoding="UTF-8"?>
<CodeBlocks_project_file>
	<FileVersion major="1" minor="6"/>
	<Project>
		<Option title="tar_prog"/>
		<Option makefile_is_custom="1"/>
		<Option compiler="gcc"/>
		<Option virtualFolders="CMake Files\;"/>
		<Build>
			<Target title="all">
				<Option working_dir="/Users/aleksandrakumyanskiy/Coding/Project/tar_prog/Tar_prog"/>
				<Option type="4"/>
				<MakeCommands>
					<Build command="/usr/bin/make -j4 -f &quot;/Users/aleksandrakumyanskiy/Coding/Project/tar_prog/Tar_prog/Makefile&quot;  VERBOSE=1 all"/>
					<CompileFile command="/usr/bin/make -j4 -f &quot;/Users/aleksandrakumyanskiy/Coding/Project/tar_prog/Tar_prog/Makefile&quot;  VERBOSE=1 &quot;$file&quot;"/>
					<Clean command="/usr/bin/make -j4 -f &quot;/Users/aleksandrakumyanskiy/Coding/Project/tar_prog/Tar_prog/Makefile&quot;  VERBOSE=1 clean"/>
					<DistClean command="/usr/bin/make -j4 -f &quot;/Users/aleksandrakumyanskiy/Coding/Project/tar_prog/Tar_prog/Makefile&quot;  VERBOSE=1 clean"/>
				</MakeCommands>
			</Target>
			<Target title="rebuild_cache">
				<Option working_dir="/Users/aleksandrakumyanskiy/Coding/Project/tar_prog/Tar_prog"/>
				<Option type="4"/>
				<MakeCommands>
					<Build command="/usr/bin/make -j4 -f &quot;/Users/aleksandrakumyanskiy/Coding/Project/tar_prog/Tar_prog/Makefile&quot;  VERBOSE=1 rebuild_cache"/>
					<CompileFile command="/usr/bin/make -j4 -f &quot;/Users/aleksandrakumyanskiy/Coding/Project/tar_prog/Tar_prog/Makefile&quot;  VERBOSE=1 &quot;$file&quot;"/>
					<Clean command="/usr/bin/make -j4 -f &quot;/Users/aleksandrakumyanskiy/Coding/Project/tar_prog/Tar_prog/Makefile&quot;  VERBOSE=1 clean"/>
					<DistClean command="/usr/bin/make -j4 -f &quot;/Users/aleksandrakumyanskiy/Coding/Project/tar_prog/Tar_prog/Makefile&quot;  VERBOSE=1 clean"/>
				</MakeCommands>
			</Target>
			<Target title="edit_cache">
				<Option working_dir="/Users/aleksandrakumyanskiy/Coding/Project/tar_prog/Tar_prog"/>
				<Option type="4"/>
				<MakeCommands>
					<Build command="/usr/bin/make -j4 -f &quot;/Users/aleksandrakumyanskiy/Coding/Project/tar_prog/Tar_prog/Makefile&quot;  VERBOSE=1 edit_cache"/>
					<CompileFile command="/usr/bin/make -j4 -f &quot;/Users/aleksandrakumyanskiy/Coding/Project/tar_prog/Tar_prog/Makefile&quot;  VERBOSE=1 &quot;$file&quot;"/>
					<Clean command="/usr/bin/make -j4 -f &quot;/Users/aleksandrakumyanskiy/Coding/Project/tar_prog/Tar_prog/Makefile&quot;  VERBOSE=1 clean"/>
					<DistClean command="/usr/bin/make -j4 -f &quot;/Users/aleksandrakumyanskiy/Coding/Project/tar_prog/Tar_prog/Makefile&quot;  VERBOSE=1 clean"/>
				</MakeCommands>
			</Target>
			<Target title="tar_prog">
				<Option output="/Users/aleksandrakumyanskiy/Coding/Project/tar_prog/Tar_prog/tar_prog" prefix_auto="0" extension_auto="0"/>
				<Option working_dir="/Users/aleksandrakumyanskiy/Coding/Project/tar_prog/Tar_prog"/>
				<Option object_output="./"/>
				<Option type="1"/>
				<Option compiler="gcc"/>
				<Compiler>
					<Add directory="/usr/local/include"/>
					<Add directory="/Applications/Xcode.app/Contents/Developer/Toolchains/XcodeDefault.xctoolchain/usr/bin/../include/c++/v1"/>
					<Add directory="/Applications/Xcode.app/Contents/Developer/Toolchains/XcodeDefault.xctoolchain/usr/lib/clang/11.0.3/include"/>
					<Add directory="/Applications/Xcode.app/Contents/Developer/Platforms/MacOSX.platform/Developer/SDKs/MacOSX.sdk/usr/include"/>
					<Add directory="/Applications/Xcode.app/Contents/Developer/Toolchains/XcodeDefault.xctoolchain/usr/include"/>
					<Add directory="/Applications/Xcode.app/Contents/Developer/Platforms/MacOSX.platform/Developer/SDKs/MacOSX.sdk/System/Library/Frameworks"/>
				</Compiler>
				<MakeCommands>
					<Build command="/usr/bin/make -j4 -f &quot;/Users/aleksandrakumyanskiy/Coding/Project/tar_prog/Tar_prog/Makefile&quot;  VERBOSE=1 tar_prog"/>
					<CompileFile command="/usr/bin/make -j4 -f &quot;/Users/aleksandrakumyanskiy/Coding/Project/tar_prog/Tar_prog/Makefile&quot;  VERBOSE=1 &quot;$file&quot;"/>
					<Clean command="/usr/bin/make -j4 -f &quot;/Users/aleksandrakumyanskiy/Coding/Project/tar_prog/Tar_prog/Makefile&quot;  VERBOSE=1 clean"/>
					<DistClean command="/usr/bin/make -j4 -f &quot;/Users/aleksandrakumyanskiy/Coding/Project/tar_prog/Tar_prog/Makefile&quot;  VERBOSE=1 clean"/>
				</MakeCommands>
			</Target>
			<Target title="tar_prog/fast">
				<Option output="/Users/aleksandrakumyanskiy/Coding/Project/tar_prog/Tar_prog/tar_prog" prefix_auto="0" extension_auto="0"/>
				<Option working_dir="/Users/aleksandrakumyanskiy/Coding/Project/tar_prog/Tar_prog"/>
				<Option object_output="./"/>
				<Option type="1"/>
				<Option compiler="gcc"/>
				<Compiler>
					<Add directory="/usr/local/include"/>
					<Add directory="/Applications/Xcode.app/Contents/Developer/Toolchains/XcodeDefault.xctoolchain/usr/bin/../include/c++/v1"/>
					<Add directory="/Applications/Xcode.app/Contents/Developer/Toolchains/XcodeDefault.xctoolchain/usr/lib/clang/11.0.3/include"/>
					<Add directory="/Applications/Xcode.app/Contents/Developer/Platforms/MacOSX.platform/Developer/SDKs/MacOSX.sdk/usr/include"/>
					<Add directory="/Applications/Xcode.app/Contents/Developer/Toolchains/XcodeDefault.xctoolchain/usr/include"/>
					<Add directory="/Applications/Xcode.app/Contents/Developer/Platforms/MacOSX.platform/Developer/SDKs/MacOSX.sdk/System/Library/Frameworks"/>
				</Compiler>
				<MakeCommands>
					<Build command="/usr/bin/make -j4 -f &quot;/Users/aleksandrakumyanskiy/Coding/Project/tar_prog/Tar_prog/Makefile&quot;  VERBOSE=1 tar_prog/fast"/>
					<CompileFile command="/usr/bin/make -j4 -f &quot;/Users/aleksandrakumyanskiy/Coding/Project/tar_prog/Tar_prog/Makefile&quot;  VERBOSE=1 &quot;$file&quot;"/>
					<Clean command="/usr/bin/make -j4 -f &quot;/Users/aleksandrakumyanskiy/Coding/Project/tar_prog/Tar_prog/Makefile&quot;  VERBOSE=1 clean"/>
					<DistClean command="/usr/bin/make -j4 -f &quot;/Users/aleksandrakumyanskiy/Coding/Project/tar_prog/Tar_prog/Makefile&quot;  VERBOSE=1 clean"/>
				</MakeCommands>
			</Target>
		</Build>
		<Unit filename="/Users/aleksandrakumyanskiy/Coding/Project/tar_prog/Tar_prog/File.cpp">
			<Option target="tar_prog"/>
		</Unit>
		<Unit filename="/Users/aleksandrakumyanskiy/Coding/Project/tar_prog/Tar_prog/File.h">
			<Option target="tar_prog"/>
		</Unit>
		<Unit filename="/Users/aleksandrakumyanskiy/Coding/Project/tar_prog/Tar_prog/GUI.cpp">
			<Option target="tar_prog"/>
		</Unit>
		<Unit filename="/Users/aleksandrakumyanskiy/Coding/Project/tar_prog/Tar_prog/GUI.h">
			<Option target="tar_prog"/>
		</Unit>
		<Unit filename="/Users/aleksandrakumyanskiy/Coding/Project/tar_prog/Tar_prog/IArchive.cpp">
			<Option target="tar_prog"/>
		</Unit>
		<Unit filename="/Users/aleksandrakumyanskiy/Coding/Project/tar_prog/Tar_prog/IArchive.h">
			<Option target="tar_prog"/>
		</Unit>
		<Unit filename="/Users/aleksandrakumyanskiy/Coding/Project/tar_prog/Tar_prog/SeveralFiles.cpp">
			<Option target="tar_prog"/>
		</Unit>
		<Unit filename="/Users/aleksandrakumyanskiy/Coding/Project/tar_prog/Tar_prog/SeveralFiles.h">
			<Option target="tar_prog"/>
		</Unit>
		<Unit filename="/Users/aleksandrakumyanskiy/Coding/Project/tar_prog/Tar_prog/TarArchive.cpp">
			<Option target="tar_prog"/>
		</Unit>
		<Unit filename="/Users/aleksandrakumyanskiy/Coding/Project/tar_prog/Tar_prog/TarArchive.h">
			<Option target="tar_prog"/>
		</Unit>
		<Unit filename="/Users/aleksandrakumyanskiy/Coding/Project/tar_prog/Tar_prog/libs/docopt/docopt.cpp">
			<Option target="tar_prog"/>
		</Unit>
		<Unit filename="/Users/aleksandrakumyanskiy/Coding/Project/tar_prog/Tar_prog/libs/docopt/docopt.h">
			<Option target="tar_prog"/>
		</Unit>
		<Unit filename="/Users/aleksandrakumyanskiy/Coding/Project/tar_prog/Tar_prog/main.cpp">
			<Option target="tar_prog"/>
		</Unit>
		<Unit filename="/Users/aleksandrakumyanskiy/Coding/Project/tar_prog/Tar_prog/CMakeLists.txt">
			<Option virtualFolder="CMake Files\"/>
		</Unit>
	</Project>
</CodeBlocks_project_file>
